
Microsoft Visual Studio Solution File, Format Version 12.00
# Visual Studio Version 17
VisualStudioVersion = 17.14.36202.13 d17.14
MinimumVisualStudioVersion = 10.0.40219.1
Project("{F184B08F-C81C-45F6-A57F-5ABD9991F28F}") = "Blue Clipper", "Blue Clipper\Blue Clipper.vbproj", "{0A6A2ECB-AF22-4DA1-9B6F-239FE5AAD26E}"
EndProject
Global
	GlobalSection(SolutionConfigurationPlatforms) = preSolution
		Debug|Any CPU = Debug|Any CPU
		Release|Any CPU = Release|Any CPU
	EndGlobalSection
	GlobalSection(ProjectConfigurationPlatforms) = postSolution
		{0A6A2ECB-AF22-4DA1-9B6F-239FE5AAD26E}.Debug|Any CPU.ActiveCfg = Debug|Any CPU
		{0A6A2ECB-AF22-4DA1-9B6F-239FE5AAD26E}.Debug|Any CPU.Build.0 = Debug|Any CPU
		{0A6A2ECB-AF22-4DA1-9B6F-239FE5AAD26E}.Release|Any CPU.ActiveCfg = Release|Any CPU
		{0A6A2ECB-AF22-4DA1-9B6F-239FE5AAD26E}.Release|Any CPU.Build.0 = Release|Any CPU
	EndGlobalSection
	GlobalSection(SolutionProperties) = preSolution
		HideSolutionNode = FALSE
	EndGlobalSection
	GlobalSection(ExtensibilityGlobals) = postSolution
		SolutionGuid = {F1128D6B-8109-4927-A54B-03A13DA43279}
	EndGlobalSection
EndGlobal
